{
  "autonomy/governance.py": "1a22428b2557d5af95db8d1c1b4cc85563d70a1c3e1ed4f9096543f029752701",
  "conflict.py": "eda4c3a20efd596ec2219cd09bfd7bd0a98e194bfffcd90efe79f5dfb671525f",
  "desi_layer9/__init__.py": "dffa972a173e369767e55130e2cb64aff97751ffb41bbd3cc4fb80127cb1cbb0",
  "desi_layer9/base.py": "950db78d720e0bc79f033f572cbf6b87c6f2f174d8118c6b90fa6c1c7369075a",
  "desi_layer9/core.py": "7725989382b4ab56fddab1b5cc87322bb053e5086ba6b4124f3f1c6d7f6a3305",
  "desi_layer9/enums.py": "0b73965fd170daee7952418cacbf5c6414d8c645bbd2edf61726f74c137f6897",
  "desi_layer9/hashing.py": "e8e775bd2e846fd61195f9b3890255d8d57b07fb91b66081fc8963231e37269f",
  "desi_layer9/ids.py": "53b501e6403b482b8f5ae6941d01e26ed92f4fcb7a207847446f42e5288a4c78",
  "desi_layer9/ledger.py": "1f50fb78f6f5b8c1fc6d659cf7aeac30181d721da8388b5a06c7ae37dbf20f05",
  "desi_layer9/migration.py": "c5f7b3aa0d69c90cf5d92880a86786097eef07d87b2223f1fd93a92416e9480e",
  "desi_layer9/objects.py": "8ce6d9ceb200c5b6fedf381672d5478341209dc485429f20c0a3cac9c3ed3c81",
  "desi_layer9/persistence.py": "d3348e3115bce0fe08295c9fc9a1d4cab6ed41f5bfc43a64f5a2766e509c6517",
  "desi_layer9/policy.py": "ce71f37a41454e16be6ef41630d89b1651e30c2e2144e3fa1e99183b47cbda0e",
  "desi_layer9/provenance.py": "9e3fb1443dcf7298975b8ea3853d52736f49829f6608e0691af14f1b9251662d",
  "desi_layer9/rules.py": "ca0689d14d8dbe6315bfa678fa6d3aa3357eb7bba843abdd25c2c7bf9c2dee46",
  "desi_layer9/snapshot.py": "62d28c17ceb013c2b4a2cf60d225f77b8cf931f78121a514f581e66cc43eafdd",
  "desi_layer9/taint.py": "0a77a56de4532119db60422424bafb6c5f4706758e7d3ba080df458d3e0c4336",
  "desi_layer9/transitions.py": "a7509f9e1edb70f59f2acb336a0083d2cdda91d30fecb29d562688bb09c9e456",
  "desi_layer9/trial_event_validation.py": "efd07330d7fde8f9a8863132f1b438dd857197afc6f64857a5f2eea6d172b7ef",
  "identity.py": "ef593ecc15d10606abaaaae91d1b5924202c5885beda71706d40b4de17d982f8",
  "loops.py": "d16685713a5e96eddd1968f3e08f2db1d3a8e33c095971af33457ae19b855578",
  "memory.py": "e21e0d189e76720ef4ae9c6f6326481253f9887b0995e4873fb2b2fb4c7ce920",
  "model_client.py": "36527efe7ec64d3da0f2d048df2aa2ba5fecdbc316f8e44ee73d78ef56d19fbc",
  "models.py": "637cd55bc009436882df2601bb352e875744a6a1b1d2ac1c0a2050a49c4c5170",
  "operators.py": "56a1f73d423b64ae5d702d5865c4c58228e1d7983e2fa766fb8f6f072844217c",
  "persistence.py": "8772b140ed7788d62fc499bc66f1bb80f275bd2cc5c47f858e4824fc02be8dd1",
  "renderer.py": "2257589bf275e23bd054d55377e7888b769ab9fde365e5ec836b82d27eb0599f",
  "router.py": "f63b8fed0787a6a4df96202402d675d4a1c26bc1a6afd9fdbc4abd5154c4602b",
  "seed.py": "2432ffdc3c51ed8e0e9a297cf90f2fd882786924c558e5857bb1ae085265a3f3",
  "state.py": "ed28f6ccac361b556d06a4c3285b95ed90118d2af5fac9cd94a53e92d9bb967d"
}
