{
  "autonomy/governance.py": "0a78ec60e3085642910ddfe65147c1de0012b9e5bf59f257377f9a16de5fb263",
  "conflict.py": "eda4c3a20efd596ec2219cd09bfd7bd0a98e194bfffcd90efe79f5dfb671525f",
  "identity.py": "ef593ecc15d10606abaaaae91d1b5924202c5885beda71706d40b4de17d982f8",
  "loops.py": "d16685713a5e96eddd1968f3e08f2db1d3a8e33c095971af33457ae19b855578",
  "memory.py": "e21e0d189e76720ef4ae9c6f6326481253f9887b0995e4873fb2b2fb4c7ce920",
  "model_client.py": "36527efe7ec64d3da0f2d048df2aa2ba5fecdbc316f8e44ee73d78ef56d19fbc",
  "models.py": "637cd55bc009436882df2601bb352e875744a6a1b1d2ac1c0a2050a49c4c5170",
  "operators.py": "56a1f73d423b64ae5d702d5865c4c58228e1d7983e2fa766fb8f6f072844217c",
  "persistence.py": "8772b140ed7788d62fc499bc66f1bb80f275bd2cc5c47f858e4824fc02be8dd1",
  "renderer.py": "2257589bf275e23bd054d55377e7888b769ab9fde365e5ec836b82d27eb0599f",
  "router.py": "f63b8fed0787a6a4df96202402d675d4a1c26bc1a6afd9fdbc4abd5154c4602b",
  "seed.py": "2432ffdc3c51ed8e0e9a297cf90f2fd882786924c558e5857bb1ae085265a3f3",
  "state.py": "ed28f6ccac361b556d06a4c3285b95ed90118d2af5fac9cd94a53e92d9bb967d"
}
