{
  "autonomy/governance.py": "a0af9c3f2744fa6d60b8deea1030ab2a199f7d41c35e920c9f521aaf27e6dcc7",
  "character.py": "2918b891621c812815c29a450adacecfa3b66b9e2c9a16a1a718d790d866739f",
  "character_gate.py": "e7b2589577393dca666db3f3b2ed9fdfabb981074e1ecb837e246a3f94d3b2bd",
  "conflict.py": "eda4c3a20efd596ec2219cd09bfd7bd0a98e194bfffcd90efe79f5dfb671525f",
  "constitution/gate.py": "6e7fc529db39f3a43033e23aac0c7a906c479ecf755b402947c2099f73cbed93",
  "desi_layer9/__init__.py": "dffa972a173e369767e55130e2cb64aff97751ffb41bbd3cc4fb80127cb1cbb0",
  "desi_layer9/base.py": "950db78d720e0bc79f033f572cbf6b87c6f2f174d8118c6b90fa6c1c7369075a",
  "desi_layer9/core.py": "392c611db3f0eb18751d06aeb7892963e03143ed9e17a445ec82020f8db2e3f0",
  "desi_layer9/enums.py": "0b73965fd170daee7952418cacbf5c6414d8c645bbd2edf61726f74c137f6897",
  "desi_layer9/hashing.py": "e8e775bd2e846fd61195f9b3890255d8d57b07fb91b66081fc8963231e37269f",
  "desi_layer9/ids.py": "53b501e6403b482b8f5ae6941d01e26ed92f4fcb7a207847446f42e5288a4c78",
  "desi_layer9/ledger.py": "1f50fb78f6f5b8c1fc6d659cf7aeac30181d721da8388b5a06c7ae37dbf20f05",
  "desi_layer9/migration.py": "c5f7b3aa0d69c90cf5d92880a86786097eef07d87b2223f1fd93a92416e9480e",
  "desi_layer9/objects.py": "a1db846237531cca7c5450f8f69d666a4909b5e1e887e8f9565af1a78f30de90",
  "desi_layer9/persistence.py": "5d1f6a48774420d54da6f5bf88f8c686e45dd6994481fd00934bfa1b46afe983",
  "desi_layer9/policy.py": "ce71f37a41454e16be6ef41630d89b1651e30c2e2144e3fa1e99183b47cbda0e",
  "desi_layer9/provenance.py": "9e3fb1443dcf7298975b8ea3853d52736f49829f6608e0691af14f1b9251662d",
  "desi_layer9/rules.py": "ca0689d14d8dbe6315bfa678fa6d3aa3357eb7bba843abdd25c2c7bf9c2dee46",
  "desi_layer9/snapshot.py": "62d28c17ceb013c2b4a2cf60d225f77b8cf931f78121a514f581e66cc43eafdd",
  "desi_layer9/taint.py": "0a77a56de4532119db60422424bafb6c5f4706758e7d3ba080df458d3e0c4336",
  "desi_layer9/transitions.py": "a7509f9e1edb70f59f2acb336a0083d2cdda91d30fecb29d562688bb09c9e456",
  "desi_layer9/trial_event_validation.py": "efd07330d7fde8f9a8863132f1b438dd857197afc6f64857a5f2eea6d172b7ef",
  "identity.py": "9edef681630b3ae4555fbc5535270c96f3183550386945fa9bc6613892ae4a71",
  "loops.py": "cc823bc8d25fdf877140f8d8ee7afa1d77f37dc33091661a8c7ec4f94ab0a163",
  "memory.py": "bb5ba30a4243fd436bd2736a52826c1e8ffba4b55031d880a9e2c40e1dddeacb",
  "model_client.py": "36527efe7ec64d3da0f2d048df2aa2ba5fecdbc316f8e44ee73d78ef56d19fbc",
  "models.py": "429205d293e37aaae7b053217637151d4a9d055d4472da774f4bd12917af0e72",
  "operators.py": "094c307337fcdf66cf4f6a08d530dd083575dc5e4704a3393ead3b6183b9cd69",
  "persistence.py": "97a940a65b90167b09b101f9ea22b7132d5a4e848dc267fa729ab9ecfe5baf11",
  "renderer.py": "2257589bf275e23bd054d55377e7888b769ab9fde365e5ec836b82d27eb0599f",
  "router.py": "f63b8fed0787a6a4df96202402d675d4a1c26bc1a6afd9fdbc4abd5154c4602b",
  "seed.py": "6b4cd378721f6c16f2f3e0dbde6d2522715ddfa2c5346872a8f473fcbdc39655",
  "state.py": "ed28f6ccac361b556d06a4c3285b95ed90118d2af5fac9cd94a53e92d9bb967d"
}
